
Microsoft Visual Studio Solution File, Format Version 12.00
Project("{FAE04EC0-301F-11D3-BF4B-00C04F79EFBC}") = "TestASP.Net", "TestASP.Net.csproj", "{EA6D6D65-FFF9-4D6C-80D4-620DA644700E}"
EndProject
Global
	GlobalSection(SolutionConfigurationPlatforms) = preSolution
		Debug|Any CPU = Debug|Any CPU
		Release|Any CPU = Release|Any CPU
	EndGlobalSection
	GlobalSection(ProjectConfigurationPlatforms) = postSolution
		{EA6D6D65-FFF9-4D6C-80D4-620DA644700E}.Debug|Any CPU.ActiveCfg = Debug|Any CPU
		{EA6D6D65-FFF9-4D6C-80D4-620DA644700E}.Debug|Any CPU.Build.0 = Debug|Any CPU
		{EA6D6D65-FFF9-4D6C-80D4-620DA644700E}.Release|Any CPU.ActiveCfg = Release|Any CPU
		{EA6D6D65-FFF9-4D6C-80D4-620DA644700E}.Release|Any CPU.Build.0 = Release|Any CPU
	EndGlobalSection
EndGlobal
